// !$*UTF8*$!
{
	archiveVersion = 1;
	classes = {
	};
	objectVersion = 50;
	objects = {

/* Begin PBXBuildFile section */
		1BEC0C18CC8FA6E9B115131F /* Pods_AmberUITests.framework in Frameworks */ = {isa = PBXBuildFile; fileRef = 9A40830FF201DBD817731599 /* Pods_AmberUITests.framework */; };
		2408377D2189022A00497B08 /* AppDelegate.swift in Sources */ = {isa = PBXBuildFile; fileRef = 2408377C2189022A00497B08 /* AppDelegate.swift */; };
		240837872189022D00497B08 /* Assets.xcassets in Resources */ = {isa = PBXBuildFile; fileRef = 240837862189022D00497B08 /* Assets.xcassets */; };
		2408378A2189022D00497B08 /* LaunchScreen.storyboard in Resources */ = {isa = PBXBuildFile; fileRef = 240837882189022D00497B08 /* LaunchScreen.storyboard */; };
		240837952189022D00497B08 /* AmberTests.swift in Sources */ = {isa = PBXBuildFile; fileRef = 240837942189022D00497B08 /* AmberTests.swift */; };
		240837A02189022D00497B08 /* AmberUITests.swift in Sources */ = {isa = PBXBuildFile; fileRef = 2408379F2189022D00497B08 /* AmberUITests.swift */; };
		240837B6218902AB00497B08 /* MainController.swift in Sources */ = {isa = PBXBuildFile; fileRef = 240837B5218902AB00497B08 /* MainController.swift */; };
		240837B8218902DE00497B08 /* AppCoordinator.swift in Sources */ = {isa = PBXBuildFile; fileRef = 240837B7218902DE00497B08 /* AppCoordinator.swift */; };
		240837BB218903B800497B08 /* Coordinator.swift in Sources */ = {isa = PBXBuildFile; fileRef = 240837BA218903B800497B08 /* Coordinator.swift */; };
		240837BD218903F400497B08 /* ApplicationsCoordinator.swift in Sources */ = {isa = PBXBuildFile; fileRef = 240837BC218903F400497B08 /* ApplicationsCoordinator.swift */; };
		240837C0218905AD00497B08 /* BaseViewController.swift in Sources */ = {isa = PBXBuildFile; fileRef = 240837BF218905AD00497B08 /* BaseViewController.swift */; };
		240837CA218CDC7700497B08 /* Roboto-Light.ttf in Resources */ = {isa = PBXBuildFile; fileRef = 240837C7218CDC7600497B08 /* Roboto-Light.ttf */; };
		240837CB218CDC7700497B08 /* Roboto-Medium.ttf in Resources */ = {isa = PBXBuildFile; fileRef = 240837C8218CDC7600497B08 /* Roboto-Medium.ttf */; };
		240837CC218CDC7700497B08 /* Roboto-Regular.ttf in Resources */ = {isa = PBXBuildFile; fileRef = 240837C9218CDC7700497B08 /* Roboto-Regular.ttf */; };
		240837CE218CDDD600497B08 /* UIFont+CustomFonts.swift in Sources */ = {isa = PBXBuildFile; fileRef = 240837CD218CDDD600497B08 /* UIFont+CustomFonts.swift */; };
		240837D0218CDE6E00497B08 /* BaseLabel.swift in Sources */ = {isa = PBXBuildFile; fileRef = 240837CF218CDE6E00497B08 /* BaseLabel.swift */; };
		240837D5218CDEB400497B08 /* BaseConfig.swift in Sources */ = {isa = PBXBuildFile; fileRef = 240837D4218CDEB400497B08 /* BaseConfig.swift */; };
		240837D7218CDF8C00497B08 /* SettingsViewController.swift in Sources */ = {isa = PBXBuildFile; fileRef = 240837D6218CDF8C00497B08 /* SettingsViewController.swift */; };
		240837D9218CDFD500497B08 /* Application.swift in Sources */ = {isa = PBXBuildFile; fileRef = 240837D8218CDFD500497B08 /* Application.swift */; };
		240837DB218CE19E00497B08 /* UITableView+ReuseableView.swift in Sources */ = {isa = PBXBuildFile; fileRef = 240837DA218CE19E00497B08 /* UITableView+ReuseableView.swift */; };
		240837DD218CE1D800497B08 /* ReusableViewProtocol.swift in Sources */ = {isa = PBXBuildFile; fileRef = 240837DC218CE1D800497B08 /* ReusableViewProtocol.swift */; };
		240837DF218CE22000497B08 /* UIView+AutoLayout.swift in Sources */ = {isa = PBXBuildFile; fileRef = 240837DE218CE22000497B08 /* UIView+AutoLayout.swift */; };
		240837E1218CE5AD00497B08 /* UIColor+HexValues.swift in Sources */ = {isa = PBXBuildFile; fileRef = 240837E0218CE5AD00497B08 /* UIColor+HexValues.swift */; };
		240837E5218CEC3200497B08 /* BoxStateView.swift in Sources */ = {isa = PBXBuildFile; fileRef = 240837E4218CEC3200497B08 /* BoxStateView.swift */; };
		240837EB218D97A700497B08 /* UICollectionView+ReuseableView.swift in Sources */ = {isa = PBXBuildFile; fileRef = 240837EA218D97A700497B08 /* UICollectionView+ReuseableView.swift */; };
		240837EF218DA66600497B08 /* SearchApplicationToViewController.swift in Sources */ = {isa = PBXBuildFile; fileRef = 240837EE218DA66600497B08 /* SearchApplicationToViewController.swift */; };
		240837F1218DB7FC00497B08 /* SearchApplication.swift in Sources */ = {isa = PBXBuildFile; fileRef = 240837F0218DB7FC00497B08 /* SearchApplication.swift */; };
		240837F3218DBE5D00497B08 /* SearchApplicationCell.swift in Sources */ = {isa = PBXBuildFile; fileRef = 240837F2218DBE5D00497B08 /* SearchApplicationCell.swift */; };
		240837F5218F094200497B08 /* ChooseStateColorViewController.swift in Sources */ = {isa = PBXBuildFile; fileRef = 240837F4218F094200497B08 /* ChooseStateColorViewController.swift */; };
		240837F72194402000497B08 /* EditNoteViewController.swift in Sources */ = {isa = PBXBuildFile; fileRef = 240837F62194402000497B08 /* EditNoteViewController.swift */; };
		240837F9219447C400497B08 /* ChooseStateCell.swift in Sources */ = {isa = PBXBuildFile; fileRef = 240837F8219447C400497B08 /* ChooseStateCell.swift */; };
		24685EE821D111B200039CC8 /* PackagesViewController.swift in Sources */ = {isa = PBXBuildFile; fileRef = 24685EE721D111B200039CC8 /* PackagesViewController.swift */; };
		24685EEA21D113D800039CC8 /* PackageCell.swift in Sources */ = {isa = PBXBuildFile; fileRef = 24685EE921D113D800039CC8 /* PackageCell.swift */; };
		24685EEC21D11C2600039CC8 /* Packages.swift in Sources */ = {isa = PBXBuildFile; fileRef = 24685EEB21D11C2600039CC8 /* Packages.swift */; };
		24685EEE21D1271D00039CC8 /* NSAttributedString+String.swift in Sources */ = {isa = PBXBuildFile; fileRef = 24685EED21D1271D00039CC8 /* NSAttributedString+String.swift */; };
		24685EF021D12E0E00039CC8 /* PackageInformationViewController.swift in Sources */ = {isa = PBXBuildFile; fileRef = 24685EEF21D12E0E00039CC8 /* PackageInformationViewController.swift */; };
		24685EF221D134F500039CC8 /* PackageInformationCell.swift in Sources */ = {isa = PBXBuildFile; fileRef = 24685EF121D134F500039CC8 /* PackageInformationCell.swift */; };
		2498D39721CBFE9D0041F261 /* Roboto-Bold.ttf in Resources */ = {isa = PBXBuildFile; fileRef = 2498D39621CBFDAA0041F261 /* Roboto-Bold.ttf */; };
		2498D39921CC141C0041F261 /* UIColor+CustomColors.swift in Sources */ = {isa = PBXBuildFile; fileRef = 2498D39821CC141C0041F261 /* UIColor+CustomColors.swift */; };
		2498D39C21CC15590041F261 /* GlobalConstants.swift in Sources */ = {isa = PBXBuildFile; fileRef = 2498D39B21CC15590041F261 /* GlobalConstants.swift */; };
		2498D3A221CC2A300041F261 /* ApplicationMainCell.swift in Sources */ = {isa = PBXBuildFile; fileRef = 2498D3A121CC2A300041F261 /* ApplicationMainCell.swift */; };
		2498D3A421CCD82F0041F261 /* AddApplicationViewController.swift in Sources */ = {isa = PBXBuildFile; fileRef = 2498D3A321CCD82F0041F261 /* AddApplicationViewController.swift */; };
		2498D3A621CCDB830041F261 /* AddApplicationCell.swift in Sources */ = {isa = PBXBuildFile; fileRef = 2498D3A521CCDB830041F261 /* AddApplicationCell.swift */; };
		2498D3A821CCDF7D0041F261 /* UIView+Shadows.swift in Sources */ = {isa = PBXBuildFile; fileRef = 2498D3A721CCDF7D0041F261 /* UIView+Shadows.swift */; };
		2498D3AA21CD87130041F261 /* SortView.swift in Sources */ = {isa = PBXBuildFile; fileRef = 2498D3A921CD87130041F261 /* SortView.swift */; };
		2498D3AC21CE3BC20041F261 /* SortCell.swift in Sources */ = {isa = PBXBuildFile; fileRef = 2498D3AB21CE3BC20041F261 /* SortCell.swift */; };
		2498D3AD21CE4B0A0041F261 /* ApplicationsViewController.swift in Sources */ = {isa = PBXBuildFile; fileRef = 2408377E2189022A00497B08 /* ApplicationsViewController.swift */; };
		2498D3AF21CE65570041F261 /* CustomSearchBarView.swift in Sources */ = {isa = PBXBuildFile; fileRef = 2498D3AE21CE65570041F261 /* CustomSearchBarView.swift */; };
		2498D3B321CEB9230041F261 /* AddApplicationPickers.swift in Sources */ = {isa = PBXBuildFile; fileRef = 2498D3B221CEB9230041F261 /* AddApplicationPickers.swift */; };
		2498D3B521CECCBB0041F261 /* Currency.swift in Sources */ = {isa = PBXBuildFile; fileRef = 2498D3B421CECCBB0041F261 /* Currency.swift */; };
		2498D3B721CED7EA0041F261 /* Common-Currency.json in Resources */ = {isa = PBXBuildFile; fileRef = 2498D3B621CED7EA0041F261 /* Common-Currency.json */; };
		2498D3B921CEE1CB0041F261 /* Settings.swift in Sources */ = {isa = PBXBuildFile; fileRef = 2498D3B821CEE1CB0041F261 /* Settings.swift */; };
		2498D3BB21CEE1EC0041F261 /* SettingsCell.swift in Sources */ = {isa = PBXBuildFile; fileRef = 2498D3BA21CEE1EC0041F261 /* SettingsCell.swift */; };
		2498D3BF21CF743F0041F261 /* SortBySettingsViewController.swift in Sources */ = {isa = PBXBuildFile; fileRef = 2498D3BE21CF743F0041F261 /* SortBySettingsViewController.swift */; };
		2498D3C121CF752B0041F261 /* SortBy.swift in Sources */ = {isa = PBXBuildFile; fileRef = 2498D3C021CF752B0041F261 /* SortBy.swift */; };
		2498D3C321CF76540041F261 /* KeyManager.swift in Sources */ = {isa = PBXBuildFile; fileRef = 2498D3C221CF76540041F261 /* KeyManager.swift */; };
		2498D3C521CF7CEB0041F261 /* DefaultCurrencySettingsViewController.swift in Sources */ = {isa = PBXBuildFile; fileRef = 2498D3C421CF7CEB0041F261 /* DefaultCurrencySettingsViewController.swift */; };
		2498D3C721CF879B0041F261 /* ThemeSettingsViewController.swift in Sources */ = {isa = PBXBuildFile; fileRef = 2498D3C621CF879B0041F261 /* ThemeSettingsViewController.swift */; };
		2498D3C921D00FD80041F261 /* UIViewController+Alerts.swift in Sources */ = {isa = PBXBuildFile; fileRef = 2498D3C821D00FD80041F261 /* UIViewController+Alerts.swift */; };
		2498D3CB21D016710041F261 /* StateColorSettingsViewController.swift in Sources */ = {isa = PBXBuildFile; fileRef = 2498D3CA21D016710041F261 /* StateColorSettingsViewController.swift */; };
		2498D3CD21D01C070041F261 /* ChooseStateColorCell.swift in Sources */ = {isa = PBXBuildFile; fileRef = 2498D3CC21D01C070041F261 /* ChooseStateColorCell.swift */; };
		2498D3CF21D01C340041F261 /* ChooseStateColor.swift in Sources */ = {isa = PBXBuildFile; fileRef = 2498D3CE21D01C340041F261 /* ChooseStateColor.swift */; };
		2498D3D121D041880041F261 /* AboutUsSettingsViewController.swift in Sources */ = {isa = PBXBuildFile; fileRef = 2498D3D021D041880041F261 /* AboutUsSettingsViewController.swift */; };
		24FA054E21949DC2006F7DB8 /* RealmHelper.swift in Sources */ = {isa = PBXBuildFile; fileRef = 24FA054D21949DC2006F7DB8 /* RealmHelper.swift */; };
		6E1FD9923C00B10962366D4B /* Pods_Amber.framework in Frameworks */ = {isa = PBXBuildFile; fileRef = 545B75DD84C148DF8D50C60C /* Pods_Amber.framework */; };
		B8331DF18008D0C95A16356C /* Pods_AmberTests.framework in Frameworks */ = {isa = PBXBuildFile; fileRef = 6173FC4F707114239D8F3589 /* Pods_AmberTests.framework */; };
/* End PBXBuildFile section */

/* Begin PBXContainerItemProxy section */
		240837912189022D00497B08 /* PBXContainerItemProxy */ = {
			isa = PBXContainerItemProxy;
			containerPortal = 240837712189022A00497B08 /* Project object */;
			proxyType = 1;
			remoteGlobalIDString = 240837782189022A00497B08;
			remoteInfo = Amber;
		};
		2408379C2189022D00497B08 /* PBXContainerItemProxy */ = {
			isa = PBXContainerItemProxy;
			containerPortal = 240837712189022A00497B08 /* Project object */;
			proxyType = 1;
			remoteGlobalIDString = 240837782189022A00497B08;
			remoteInfo = Amber;
		};
/* End PBXContainerItemProxy section */

/* Begin PBXFileReference section */
		240837792189022A00497B08 /* Amber.app */ = {isa = PBXFileReference; explicitFileType = wrapper.application; includeInIndex = 0; path = Amber.app; sourceTree = BUILT_PRODUCTS_DIR; };
		2408377C2189022A00497B08 /* AppDelegate.swift */ = {isa = PBXFileReference; lastKnownFileType = sourcecode.swift; path = AppDelegate.swift; sourceTree = "<group>"; };
		2408377E2189022A00497B08 /* ApplicationsViewController.swift */ = {isa = PBXFileReference; lastKnownFileType = sourcecode.swift; path = ApplicationsViewController.swift; sourceTree = "<group>"; };
		240837862189022D00497B08 /* Assets.xcassets */ = {isa = PBXFileReference; lastKnownFileType = folder.assetcatalog; path = Assets.xcassets; sourceTree = "<group>"; };
		240837892189022D00497B08 /* Base */ = {isa = PBXFileReference; lastKnownFileType = file.storyboard; name = Base; path = Base.lproj/LaunchScreen.storyboard; sourceTree = "<group>"; };
		2408378B2189022D00497B08 /* Info.plist */ = {isa = PBXFileReference; lastKnownFileType = text.plist.xml; path = Info.plist; sourceTree = "<group>"; };
		240837902189022D00497B08 /* AmberTests.xctest */ = {isa = PBXFileReference; explicitFileType = wrapper.cfbundle; includeInIndex = 0; path = AmberTests.xctest; sourceTree = BUILT_PRODUCTS_DIR; };
		240837942189022D00497B08 /* AmberTests.swift */ = {isa = PBXFileReference; lastKnownFileType = sourcecode.swift; path = AmberTests.swift; sourceTree = "<group>"; };
		240837962189022D00497B08 /* Info.plist */ = {isa = PBXFileReference; lastKnownFileType = text.plist.xml; path = Info.plist; sourceTree = "<group>"; };
		2408379B2189022D00497B08 /* AmberUITests.xctest */ = {isa = PBXFileReference; explicitFileType = wrapper.cfbundle; includeInIndex = 0; path = AmberUITests.xctest; sourceTree = BUILT_PRODUCTS_DIR; };
		2408379F2189022D00497B08 /* AmberUITests.swift */ = {isa = PBXFileReference; lastKnownFileType = sourcecode.swift; path = AmberUITests.swift; sourceTree = "<group>"; };
		240837A12189022D00497B08 /* Info.plist */ = {isa = PBXFileReference; lastKnownFileType = text.plist.xml; path = Info.plist; sourceTree = "<group>"; };
		240837B5218902AB00497B08 /* MainController.swift */ = {isa = PBXFileReference; lastKnownFileType = sourcecode.swift; path = MainController.swift; sourceTree = "<group>"; };
		240837B7218902DE00497B08 /* AppCoordinator.swift */ = {isa = PBXFileReference; lastKnownFileType = sourcecode.swift; path = AppCoordinator.swift; sourceTree = "<group>"; };
		240837BA218903B800497B08 /* Coordinator.swift */ = {isa = PBXFileReference; lastKnownFileType = sourcecode.swift; path = Coordinator.swift; sourceTree = "<group>"; };
		240837BC218903F400497B08 /* ApplicationsCoordinator.swift */ = {isa = PBXFileReference; lastKnownFileType = sourcecode.swift; path = ApplicationsCoordinator.swift; sourceTree = "<group>"; };
		240837BF218905AD00497B08 /* BaseViewController.swift */ = {isa = PBXFileReference; lastKnownFileType = sourcecode.swift; path = BaseViewController.swift; sourceTree = "<group>"; };
		240837C7218CDC7600497B08 /* Roboto-Light.ttf */ = {isa = PBXFileReference; lastKnownFileType = file; path = "Roboto-Light.ttf"; sourceTree = "<group>"; };
		240837C8218CDC7600497B08 /* Roboto-Medium.ttf */ = {isa = PBXFileReference; lastKnownFileType = file; path = "Roboto-Medium.ttf"; sourceTree = "<group>"; };
		240837C9218CDC7700497B08 /* Roboto-Regular.ttf */ = {isa = PBXFileReference; lastKnownFileType = file; path = "Roboto-Regular.ttf"; sourceTree = "<group>"; };
		240837CD218CDDD600497B08 /* UIFont+CustomFonts.swift */ = {isa = PBXFileReference; lastKnownFileType = sourcecode.swift; path = "UIFont+CustomFonts.swift"; sourceTree = "<group>"; };
		240837CF218CDE6E00497B08 /* BaseLabel.swift */ = {isa = PBXFileReference; lastKnownFileType = sourcecode.swift; path = BaseLabel.swift; sourceTree = "<group>"; };
		240837D4218CDEB400497B08 /* BaseConfig.swift */ = {isa = PBXFileReference; lastKnownFileType = sourcecode.swift; path = BaseConfig.swift; sourceTree = "<group>"; };
		240837D6218CDF8C00497B08 /* SettingsViewController.swift */ = {isa = PBXFileReference; lastKnownFileType = sourcecode.swift; path = SettingsViewController.swift; sourceTree = "<group>"; };
		240837D8218CDFD500497B08 /* Application.swift */ = {isa = PBXFileReference; lastKnownFileType = sourcecode.swift; path = Application.swift; sourceTree = "<group>"; };
		240837DA218CE19E00497B08 /* UITableView+ReuseableView.swift */ = {isa = PBXFileReference; fileEncoding = 4; lastKnownFileType = sourcecode.swift; path = "UITableView+ReuseableView.swift"; sourceTree = "<group>"; };
		240837DC218CE1D800497B08 /* ReusableViewProtocol.swift */ = {isa = PBXFileReference; fileEncoding = 4; lastKnownFileType = sourcecode.swift; path = ReusableViewProtocol.swift; sourceTree = "<group>"; };
		240837DE218CE22000497B08 /* UIView+AutoLayout.swift */ = {isa = PBXFileReference; fileEncoding = 4; lastKnownFileType = sourcecode.swift; path = "UIView+AutoLayout.swift"; sourceTree = "<group>"; };
		240837E0218CE5AD00497B08 /* UIColor+HexValues.swift */ = {isa = PBXFileReference; lastKnownFileType = sourcecode.swift; path = "UIColor+HexValues.swift"; sourceTree = "<group>"; };
		240837E4218CEC3200497B08 /* BoxStateView.swift */ = {isa = PBXFileReference; lastKnownFileType = sourcecode.swift; path = BoxStateView.swift; sourceTree = "<group>"; };
		240837EA218D97A700497B08 /* UICollectionView+ReuseableView.swift */ = {isa = PBXFileReference; fileEncoding = 4; lastKnownFileType = sourcecode.swift; path = "UICollectionView+ReuseableView.swift"; sourceTree = "<group>"; };
		240837EE218DA66600497B08 /* SearchApplicationToViewController.swift */ = {isa = PBXFileReference; lastKnownFileType = sourcecode.swift; path = SearchApplicationToViewController.swift; sourceTree = "<group>"; };
		240837F0218DB7FC00497B08 /* SearchApplication.swift */ = {isa = PBXFileReference; lastKnownFileType = sourcecode.swift; path = SearchApplication.swift; sourceTree = "<group>"; };
		240837F2218DBE5D00497B08 /* SearchApplicationCell.swift */ = {isa = PBXFileReference; lastKnownFileType = sourcecode.swift; path = SearchApplicationCell.swift; sourceTree = "<group>"; };
		240837F4218F094200497B08 /* ChooseStateColorViewController.swift */ = {isa = PBXFileReference; lastKnownFileType = sourcecode.swift; path = ChooseStateColorViewController.swift; sourceTree = "<group>"; };
		240837F62194402000497B08 /* EditNoteViewController.swift */ = {isa = PBXFileReference; lastKnownFileType = sourcecode.swift; path = EditNoteViewController.swift; sourceTree = "<group>"; };
		240837F8219447C400497B08 /* ChooseStateCell.swift */ = {isa = PBXFileReference; lastKnownFileType = sourcecode.swift; path = ChooseStateCell.swift; sourceTree = "<group>"; };
		24685EE721D111B200039CC8 /* PackagesViewController.swift */ = {isa = PBXFileReference; lastKnownFileType = sourcecode.swift; path = PackagesViewController.swift; sourceTree = "<group>"; };
		24685EE921D113D800039CC8 /* PackageCell.swift */ = {isa = PBXFileReference; lastKnownFileType = sourcecode.swift; path = PackageCell.swift; sourceTree = "<group>"; };
		24685EEB21D11C2600039CC8 /* Packages.swift */ = {isa = PBXFileReference; lastKnownFileType = sourcecode.swift; path = Packages.swift; sourceTree = "<group>"; };
		24685EED21D1271D00039CC8 /* NSAttributedString+String.swift */ = {isa = PBXFileReference; lastKnownFileType = sourcecode.swift; path = "NSAttributedString+String.swift"; sourceTree = "<group>"; };
		24685EEF21D12E0E00039CC8 /* PackageInformationViewController.swift */ = {isa = PBXFileReference; lastKnownFileType = sourcecode.swift; path = PackageInformationViewController.swift; sourceTree = "<group>"; };
		24685EF121D134F500039CC8 /* PackageInformationCell.swift */ = {isa = PBXFileReference; lastKnownFileType = sourcecode.swift; path = PackageInformationCell.swift; sourceTree = "<group>"; };
		2498D39621CBFDAA0041F261 /* Roboto-Bold.ttf */ = {isa = PBXFileReference; lastKnownFileType = file; path = "Roboto-Bold.ttf"; sourceTree = "<group>"; };
		2498D39821CC141C0041F261 /* UIColor+CustomColors.swift */ = {isa = PBXFileReference; lastKnownFileType = sourcecode.swift; path = "UIColor+CustomColors.swift"; sourceTree = "<group>"; };
		2498D39B21CC15590041F261 /* GlobalConstants.swift */ = {isa = PBXFileReference; lastKnownFileType = sourcecode.swift; path = GlobalConstants.swift; sourceTree = "<group>"; };
		2498D3A121CC2A300041F261 /* ApplicationMainCell.swift */ = {isa = PBXFileReference; lastKnownFileType = sourcecode.swift; path = ApplicationMainCell.swift; sourceTree = "<group>"; };
		2498D3A321CCD82F0041F261 /* AddApplicationViewController.swift */ = {isa = PBXFileReference; lastKnownFileType = sourcecode.swift; path = AddApplicationViewController.swift; sourceTree = "<group>"; };
		2498D3A521CCDB830041F261 /* AddApplicationCell.swift */ = {isa = PBXFileReference; lastKnownFileType = sourcecode.swift; path = AddApplicationCell.swift; sourceTree = "<group>"; };
		2498D3A721CCDF7D0041F261 /* UIView+Shadows.swift */ = {isa = PBXFileReference; lastKnownFileType = sourcecode.swift; path = "UIView+Shadows.swift"; sourceTree = "<group>"; };
		2498D3A921CD87130041F261 /* SortView.swift */ = {isa = PBXFileReference; lastKnownFileType = sourcecode.swift; path = SortView.swift; sourceTree = "<group>"; };
		2498D3AB21CE3BC20041F261 /* SortCell.swift */ = {isa = PBXFileReference; lastKnownFileType = sourcecode.swift; path = SortCell.swift; sourceTree = "<group>"; };
		2498D3AE21CE65570041F261 /* CustomSearchBarView.swift */ = {isa = PBXFileReference; lastKnownFileType = sourcecode.swift; path = CustomSearchBarView.swift; sourceTree = "<group>"; };
		2498D3B221CEB9230041F261 /* AddApplicationPickers.swift */ = {isa = PBXFileReference; lastKnownFileType = sourcecode.swift; path = AddApplicationPickers.swift; sourceTree = "<group>"; };
		2498D3B421CECCBB0041F261 /* Currency.swift */ = {isa = PBXFileReference; lastKnownFileType = sourcecode.swift; path = Currency.swift; sourceTree = "<group>"; };
		2498D3B621CED7EA0041F261 /* Common-Currency.json */ = {isa = PBXFileReference; fileEncoding = 4; lastKnownFileType = text.json; path = "Common-Currency.json"; sourceTree = "<group>"; };
		2498D3B821CEE1CB0041F261 /* Settings.swift */ = {isa = PBXFileReference; lastKnownFileType = sourcecode.swift; path = Settings.swift; sourceTree = "<group>"; };
		2498D3BA21CEE1EC0041F261 /* SettingsCell.swift */ = {isa = PBXFileReference; lastKnownFileType = sourcecode.swift; path = SettingsCell.swift; sourceTree = "<group>"; };
		2498D3BE21CF743F0041F261 /* SortBySettingsViewController.swift */ = {isa = PBXFileReference; lastKnownFileType = sourcecode.swift; path = SortBySettingsViewController.swift; sourceTree = "<group>"; };
		2498D3C021CF752B0041F261 /* SortBy.swift */ = {isa = PBXFileReference; lastKnownFileType = sourcecode.swift; path = SortBy.swift; sourceTree = "<group>"; };
		2498D3C221CF76540041F261 /* KeyManager.swift */ = {isa = PBXFileReference; lastKnownFileType = sourcecode.swift; path = KeyManager.swift; sourceTree = "<group>"; };
		2498D3C421CF7CEB0041F261 /* DefaultCurrencySettingsViewController.swift */ = {isa = PBXFileReference; lastKnownFileType = sourcecode.swift; path = DefaultCurrencySettingsViewController.swift; sourceTree = "<group>"; };
		2498D3C621CF879B0041F261 /* ThemeSettingsViewController.swift */ = {isa = PBXFileReference; lastKnownFileType = sourcecode.swift; path = ThemeSettingsViewController.swift; sourceTree = "<group>"; };
		2498D3C821D00FD80041F261 /* UIViewController+Alerts.swift */ = {isa = PBXFileReference; lastKnownFileType = sourcecode.swift; path = "UIViewController+Alerts.swift"; sourceTree = "<group>"; };
		2498D3CA21D016710041F261 /* StateColorSettingsViewController.swift */ = {isa = PBXFileReference; lastKnownFileType = sourcecode.swift; path = StateColorSettingsViewController.swift; sourceTree = "<group>"; };
		2498D3CC21D01C070041F261 /* ChooseStateColorCell.swift */ = {isa = PBXFileReference; lastKnownFileType = sourcecode.swift; path = ChooseStateColorCell.swift; sourceTree = "<group>"; };
		2498D3CE21D01C340041F261 /* ChooseStateColor.swift */ = {isa = PBXFileReference; lastKnownFileType = sourcecode.swift; path = ChooseStateColor.swift; sourceTree = "<group>"; };
		2498D3D021D041880041F261 /* AboutUsSettingsViewController.swift */ = {isa = PBXFileReference; lastKnownFileType = sourcecode.swift; path = AboutUsSettingsViewController.swift; sourceTree = "<group>"; };
		24FA054D21949DC2006F7DB8 /* RealmHelper.swift */ = {isa = PBXFileReference; lastKnownFileType = sourcecode.swift; path = RealmHelper.swift; sourceTree = "<group>"; };
		4B01AD565677843C48FC1484 /* Pods-Amber.release.xcconfig */ = {isa = PBXFileReference; includeInIndex = 1; lastKnownFileType = text.xcconfig; name = "Pods-Amber.release.xcconfig"; path = "Pods/Target Support Files/Pods-Amber/Pods-Amber.release.xcconfig"; sourceTree = "<group>"; };
		545B75DD84C148DF8D50C60C /* Pods_Amber.framework */ = {isa = PBXFileReference; explicitFileType = wrapper.framework; includeInIndex = 0; path = Pods_Amber.framework; sourceTree = BUILT_PRODUCTS_DIR; };
		6173FC4F707114239D8F3589 /* Pods_AmberTests.framework */ = {isa = PBXFileReference; explicitFileType = wrapper.framework; includeInIndex = 0; path = Pods_AmberTests.framework; sourceTree = BUILT_PRODUCTS_DIR; };
		6C29C86EDB63125CEBAA6422 /* Pods-AmberUITests.release.xcconfig */ = {isa = PBXFileReference; includeInIndex = 1; lastKnownFileType = text.xcconfig; name = "Pods-AmberUITests.release.xcconfig"; path = "Pods/Target Support Files/Pods-AmberUITests/Pods-AmberUITests.release.xcconfig"; sourceTree = "<group>"; };
		748765C9A41B80E7E11E3AA1 /* Pods-AmberTests.debug.xcconfig */ = {isa = PBXFileReference; includeInIndex = 1; lastKnownFileType = text.xcconfig; name = "Pods-AmberTests.debug.xcconfig"; path = "Pods/Target Support Files/Pods-AmberTests/Pods-AmberTests.debug.xcconfig"; sourceTree = "<group>"; };
		91E69EF41A1CAB6A6753089D /* Pods-Amber.debug.xcconfig */ = {isa = PBXFileReference; includeInIndex = 1; lastKnownFileType = text.xcconfig; name = "Pods-Amber.debug.xcconfig"; path = "Pods/Target Support Files/Pods-Amber/Pods-Amber.debug.xcconfig"; sourceTree = "<group>"; };
		9A40830FF201DBD817731599 /* Pods_AmberUITests.framework */ = {isa = PBXFileReference; explicitFileType = wrapper.framework; includeInIndex = 0; path = Pods_AmberUITests.framework; sourceTree = BUILT_PRODUCTS_DIR; };
		9DBF0DD8E47E017F269AE7BF /* Pods-AmberTests.release.xcconfig */ = {isa = PBXFileReference; includeInIndex = 1; lastKnownFileType = text.xcconfig; name = "Pods-AmberTests.release.xcconfig"; path = "Pods/Target Support Files/Pods-AmberTests/Pods-AmberTests.release.xcconfig"; sourceTree = "<group>"; };
		E9E67367B315262CD437F9FC /* Pods-AmberUITests.debug.xcconfig */ = {isa = PBXFileReference; includeInIndex = 1; lastKnownFileType = text.xcconfig; name = "Pods-AmberUITests.debug.xcconfig"; path = "Pods/Target Support Files/Pods-AmberUITests/Pods-AmberUITests.debug.xcconfig"; sourceTree = "<group>"; };
/* End PBXFileReference section */

/* Begin PBXFrameworksBuildPhase section */
		240837762189022A00497B08 /* Frameworks */ = {
			isa = PBXFrameworksBuildPhase;
			buildActionMask = 2147483647;
			files = (
				6E1FD9923C00B10962366D4B /* Pods_Amber.framework in Frameworks */,
			);
			runOnlyForDeploymentPostprocessing = 0;
		};
		2408378D2189022D00497B08 /* Frameworks */ = {
			isa = PBXFrameworksBuildPhase;
			buildActionMask = 2147483647;
			files = (
				B8331DF18008D0C95A16356C /* Pods_AmberTests.framework in Frameworks */,
			);
			runOnlyForDeploymentPostprocessing = 0;
		};
		240837982189022D00497B08 /* Frameworks */ = {
			isa = PBXFrameworksBuildPhase;
			buildActionMask = 2147483647;
			files = (
				1BEC0C18CC8FA6E9B115131F /* Pods_AmberUITests.framework in Frameworks */,
			);
			runOnlyForDeploymentPostprocessing = 0;
		};
/* End PBXFrameworksBuildPhase section */

/* Begin PBXGroup section */
		240837702189022A00497B08 = {
			isa = PBXGroup;
			children = (
				2408377B2189022A00497B08 /* Amber */,
				240837932189022D00497B08 /* AmberTests */,
				2408379E2189022D00497B08 /* AmberUITests */,
				2408377A2189022A00497B08 /* Products */,
				3FD5D73B1C1737875B2F0340 /* Pods */,
				45C2959A789B9FC5004216A7 /* Frameworks */,
			);
			sourceTree = "<group>";
		};
		2408377A2189022A00497B08 /* Products */ = {
			isa = PBXGroup;
			children = (
				240837792189022A00497B08 /* Amber.app */,
				240837902189022D00497B08 /* AmberTests.xctest */,
				2408379B2189022D00497B08 /* AmberUITests.xctest */,
			);
			name = Products;
			sourceTree = "<group>";
		};
		2408377B2189022A00497B08 /* Amber */ = {
			isa = PBXGroup;
			children = (
				240837D2218CDEA800497B08 /* Target */,
				240837B9218903A200497B08 /* Utils */,
				240837B42189028400497B08 /* Supporting Files */,
				240837B02189026300497B08 /* Resources */,
				240837AF2189025A00497B08 /* Main */,
				240837AD2189024500497B08 /* AppController */,
				2408378B2189022D00497B08 /* Info.plist */,
			);
			path = Amber;
			sourceTree = "<group>";
		};
		240837932189022D00497B08 /* AmberTests */ = {
			isa = PBXGroup;
			children = (
				240837942189022D00497B08 /* AmberTests.swift */,
				240837962189022D00497B08 /* Info.plist */,
			);
			path = AmberTests;
			sourceTree = "<group>";
		};
		2408379E2189022D00497B08 /* AmberUITests */ = {
			isa = PBXGroup;
			children = (
				2408379F2189022D00497B08 /* AmberUITests.swift */,
				240837A12189022D00497B08 /* Info.plist */,
			);
			path = AmberUITests;
			sourceTree = "<group>";
		};
		240837AD2189024500497B08 /* AppController */ = {
			isa = PBXGroup;
			children = (
				240837B5218902AB00497B08 /* MainController.swift */,
				2408377C2189022A00497B08 /* AppDelegate.swift */,
			);
			path = AppController;
			sourceTree = "<group>";
		};
		240837AE2189025500497B08 /* Coordinator */ = {
			isa = PBXGroup;
			children = (
				240837BA218903B800497B08 /* Coordinator.swift */,
				240837B7218902DE00497B08 /* AppCoordinator.swift */,
				240837BC218903F400497B08 /* ApplicationsCoordinator.swift */,
			);
			path = Coordinator;
			sourceTree = "<group>";
		};
		240837AF2189025A00497B08 /* Main */ = {
			isa = PBXGroup;
			children = (
				240837AE2189025500497B08 /* Coordinator */,
				240837B32189027400497B08 /* ViewController */,
				240837B22189027000497B08 /* View */,
				240837B12189026C00497B08 /* Model */,
			);
			path = Main;
			sourceTree = "<group>";
		};
		240837B02189026300497B08 /* Resources */ = {
			isa = PBXGroup;
			children = (
				240837862189022D00497B08 /* Assets.xcassets */,
				240837C22189063500497B08 /* Font */,
			);
			path = Resources;
			sourceTree = "<group>";
		};
		240837B12189026C00497B08 /* Model */ = {
			isa = PBXGroup;
			children = (
				240837D8218CDFD500497B08 /* Application.swift */,
				240837F0218DB7FC00497B08 /* SearchApplication.swift */,
				2498D3B221CEB9230041F261 /* AddApplicationPickers.swift */,
				2498D3B421CECCBB0041F261 /* Currency.swift */,
				2498D3B821CEE1CB0041F261 /* Settings.swift */,
				2498D3C021CF752B0041F261 /* SortBy.swift */,
				2498D3CE21D01C340041F261 /* ChooseStateColor.swift */,
				24685EEB21D11C2600039CC8 /* Packages.swift */,
			);
			path = Model;
			sourceTree = "<group>";
		};
		240837B22189027000497B08 /* View */ = {
			isa = PBXGroup;
			children = (
				240837E4218CEC3200497B08 /* BoxStateView.swift */,
				240837F2218DBE5D00497B08 /* SearchApplicationCell.swift */,
				240837F8219447C400497B08 /* ChooseStateCell.swift */,
				2498D3A121CC2A300041F261 /* ApplicationMainCell.swift */,
				2498D3A521CCDB830041F261 /* AddApplicationCell.swift */,
				2498D3A921CD87130041F261 /* SortView.swift */,
				2498D3AB21CE3BC20041F261 /* SortCell.swift */,
				2498D3AE21CE65570041F261 /* CustomSearchBarView.swift */,
				2498D3BA21CEE1EC0041F261 /* SettingsCell.swift */,
				2498D3CC21D01C070041F261 /* ChooseStateColorCell.swift */,
				24685EE921D113D800039CC8 /* PackageCell.swift */,
				24685EF121D134F500039CC8 /* PackageInformationCell.swift */,
			);
			path = View;
			sourceTree = "<group>";
		};
		240837B32189027400497B08 /* ViewController */ = {
			isa = PBXGroup;
			children = (
				2408377E2189022A00497B08 /* ApplicationsViewController.swift */,
				2498D3A321CCD82F0041F261 /* AddApplicationViewController.swift */,
				240837EE218DA66600497B08 /* SearchApplicationToViewController.swift */,
				240837F62194402000497B08 /* EditNoteViewController.swift */,
				240837D6218CDF8C00497B08 /* SettingsViewController.swift */,
				2498D3C421CF7CEB0041F261 /* DefaultCurrencySettingsViewController.swift */,
				2498D3BE21CF743F0041F261 /* SortBySettingsViewController.swift */,
				2498D3C621CF879B0041F261 /* ThemeSettingsViewController.swift */,
				2498D3CA21D016710041F261 /* StateColorSettingsViewController.swift */,
				240837F4218F094200497B08 /* ChooseStateColorViewController.swift */,
				2498D3D021D041880041F261 /* AboutUsSettingsViewController.swift */,
				24685EE721D111B200039CC8 /* PackagesViewController.swift */,
				24685EEF21D12E0E00039CC8 /* PackageInformationViewController.swift */,
			);
			path = ViewController;
			sourceTree = "<group>";
		};
		240837B42189028400497B08 /* Supporting Files */ = {
			isa = PBXGroup;
			children = (
				2498D3B621CED7EA0041F261 /* Common-Currency.json */,
				240837882189022D00497B08 /* LaunchScreen.storyboard */,
			);
			path = "Supporting Files";
			sourceTree = "<group>";
		};
		240837B9218903A200497B08 /* Utils */ = {
			isa = PBXGroup;
			children = (
				2498D39B21CC15590041F261 /* GlobalConstants.swift */,
				240837DC218CE1D800497B08 /* ReusableViewProtocol.swift */,
				2498D3C221CF76540041F261 /* KeyManager.swift */,
				24FA054C21949D77006F7DB8 /* Realm */,
				2498D3BC21CEE6900041F261 /* Fonts */,
				240837C32189063E00497B08 /* Colors */,
				240837C12189062F00497B08 /* Extensions */,
				240837BE218905A000497B08 /* Base */,
			);
			path = Utils;
			sourceTree = "<group>";
		};
		240837BE218905A000497B08 /* Base */ = {
			isa = PBXGroup;
			children = (
				240837BF218905AD00497B08 /* BaseViewController.swift */,
				240837CF218CDE6E00497B08 /* BaseLabel.swift */,
			);
			path = Base;
			sourceTree = "<group>";
		};
		240837C12189062F00497B08 /* Extensions */ = {
			isa = PBXGroup;
			children = (
				240837DE218CE22000497B08 /* UIView+AutoLayout.swift */,
				240837DA218CE19E00497B08 /* UITableView+ReuseableView.swift */,
				240837E0218CE5AD00497B08 /* UIColor+HexValues.swift */,
				240837EA218D97A700497B08 /* UICollectionView+ReuseableView.swift */,
				2498D3A721CCDF7D0041F261 /* UIView+Shadows.swift */,
				2498D3C821D00FD80041F261 /* UIViewController+Alerts.swift */,
				24685EED21D1271D00039CC8 /* NSAttributedString+String.swift */,
			);
			path = Extensions;
			sourceTree = "<group>";
		};
		240837C22189063500497B08 /* Font */ = {
			isa = PBXGroup;
			children = (
				240837C6218CDC6B00497B08 /* Roboto */,
			);
			path = Font;
			sourceTree = "<group>";
		};
		240837C32189063E00497B08 /* Colors */ = {
			isa = PBXGroup;
			children = (
				2498D39821CC141C0041F261 /* UIColor+CustomColors.swift */,
			);
			path = Colors;
			sourceTree = "<group>";
		};
		240837C6218CDC6B00497B08 /* Roboto */ = {
			isa = PBXGroup;
			children = (
				2498D39621CBFDAA0041F261 /* Roboto-Bold.ttf */,
				240837C7218CDC7600497B08 /* Roboto-Light.ttf */,
				240837C8218CDC7600497B08 /* Roboto-Medium.ttf */,
				240837C9218CDC7700497B08 /* Roboto-Regular.ttf */,
			);
			path = Roboto;
			sourceTree = "<group>";
		};
		240837D2218CDEA800497B08 /* Target */ = {
			isa = PBXGroup;
			children = (
				240837D3218CDEAD00497B08 /* Config */,
			);
			path = Target;
			sourceTree = "<group>";
		};
		240837D3218CDEAD00497B08 /* Config */ = {
			isa = PBXGroup;
			children = (
				240837D4218CDEB400497B08 /* BaseConfig.swift */,
			);
			path = Config;
			sourceTree = "<group>";
		};
		2498D3BC21CEE6900041F261 /* Fonts */ = {
			isa = PBXGroup;
			children = (
				240837CD218CDDD600497B08 /* UIFont+CustomFonts.swift */,
			);
			path = Fonts;
			sourceTree = "<group>";
		};
		24FA054C21949D77006F7DB8 /* Realm */ = {
			isa = PBXGroup;
			children = (
				24FA054D21949DC2006F7DB8 /* RealmHelper.swift */,
			);
			path = Realm;
			sourceTree = "<group>";
		};
		3FD5D73B1C1737875B2F0340 /* Pods */ = {
			isa = PBXGroup;
			children = (
				91E69EF41A1CAB6A6753089D /* Pods-Amber.debug.xcconfig */,
				4B01AD565677843C48FC1484 /* Pods-Amber.release.xcconfig */,
				748765C9A41B80E7E11E3AA1 /* Pods-AmberTests.debug.xcconfig */,
				9DBF0DD8E47E017F269AE7BF /* Pods-AmberTests.release.xcconfig */,
				E9E67367B315262CD437F9FC /* Pods-AmberUITests.debug.xcconfig */,
				6C29C86EDB63125CEBAA6422 /* Pods-AmberUITests.release.xcconfig */,
			);
			name = Pods;
			sourceTree = "<group>";
		};
		45C2959A789B9FC5004216A7 /* Frameworks */ = {
			isa = PBXGroup;
			children = (
				545B75DD84C148DF8D50C60C /* Pods_Amber.framework */,
				6173FC4F707114239D8F3589 /* Pods_AmberTests.framework */,
				9A40830FF201DBD817731599 /* Pods_AmberUITests.framework */,
			);
			name = Frameworks;
			sourceTree = "<group>";
		};
/* End PBXGroup section */

/* Begin PBXNativeTarget section */
		240837782189022A00497B08 /* Amber */ = {
			isa = PBXNativeTarget;
			buildConfigurationList = 240837A42189022D00497B08 /* Build configuration list for PBXNativeTarget "Amber" */;
			buildPhases = (
				AA36ABE1B299159C7EB48FED /* [CP] Check Pods Manifest.lock */,
				240837752189022A00497B08 /* Sources */,
				240837762189022A00497B08 /* Frameworks */,
				240837772189022A00497B08 /* Resources */,
				548B737D771B02EA1CB47629 /* [CP] Embed Pods Frameworks */,
			);
			buildRules = (
			);
			dependencies = (
			);
			name = Amber;
			productName = Amber;
			productReference = 240837792189022A00497B08 /* Amber.app */;
			productType = "com.apple.product-type.application";
		};
		2408378F2189022D00497B08 /* AmberTests */ = {
			isa = PBXNativeTarget;
			buildConfigurationList = 240837A72189022D00497B08 /* Build configuration list for PBXNativeTarget "AmberTests" */;
			buildPhases = (
				5D3D1B2028066B6335B660BC /* [CP] Check Pods Manifest.lock */,
				2408378C2189022D00497B08 /* Sources */,
				2408378D2189022D00497B08 /* Frameworks */,
				2408378E2189022D00497B08 /* Resources */,
			);
			buildRules = (
			);
			dependencies = (
				240837922189022D00497B08 /* PBXTargetDependency */,
			);
			name = AmberTests;
			productName = AmberTests;
			productReference = 240837902189022D00497B08 /* AmberTests.xctest */;
			productType = "com.apple.product-type.bundle.unit-test";
		};
		2408379A2189022D00497B08 /* AmberUITests */ = {
			isa = PBXNativeTarget;
			buildConfigurationList = 240837AA2189022D00497B08 /* Build configuration list for PBXNativeTarget "AmberUITests" */;
			buildPhases = (
				837518B71B254AC3765A007F /* [CP] Check Pods Manifest.lock */,
				240837972189022D00497B08 /* Sources */,
				240837982189022D00497B08 /* Frameworks */,
				240837992189022D00497B08 /* Resources */,
			);
			buildRules = (
			);
			dependencies = (
				2408379D2189022D00497B08 /* PBXTargetDependency */,
			);
			name = AmberUITests;
			productName = AmberUITests;
			productReference = 2408379B2189022D00497B08 /* AmberUITests.xctest */;
			productType = "com.apple.product-type.bundle.ui-testing";
		};
/* End PBXNativeTarget section */

/* Begin PBXProject section */
		240837712189022A00497B08 /* Project object */ = {
			isa = PBXProject;
			attributes = {
				LastSwiftUpdateCheck = 1000;
				LastUpgradeCheck = 1000;
				ORGANIZATIONNAME = "Giancarlo Buenaflor";
				TargetAttributes = {
					240837782189022A00497B08 = {
						CreatedOnToolsVersion = 10.0;
					};
					2408378F2189022D00497B08 = {
						CreatedOnToolsVersion = 10.0;
						TestTargetID = 240837782189022A00497B08;
					};
					2408379A2189022D00497B08 = {
						CreatedOnToolsVersion = 10.0;
						TestTargetID = 240837782189022A00497B08;
					};
				};
			};
			buildConfigurationList = 240837742189022A00497B08 /* Build configuration list for PBXProject "Amber" */;
			compatibilityVersion = "Xcode 9.3";
			developmentRegion = en;
			hasScannedForEncodings = 0;
			knownRegions = (
				en,
				Base,
			);
			mainGroup = 240837702189022A00497B08;
			productRefGroup = 2408377A2189022A00497B08 /* Products */;
			projectDirPath = "";
			projectRoot = "";
			targets = (
				240837782189022A00497B08 /* Amber */,
				2408378F2189022D00497B08 /* AmberTests */,
				2408379A2189022D00497B08 /* AmberUITests */,
			);
		};
/* End PBXProject section */

/* Begin PBXResourcesBuildPhase section */
		240837772189022A00497B08 /* Resources */ = {
			isa = PBXResourcesBuildPhase;
			buildActionMask = 2147483647;
			files = (
				240837CB218CDC7700497B08 /* Roboto-Medium.ttf in Resources */,
				2408378A2189022D00497B08 /* LaunchScreen.storyboard in Resources */,
				2498D39721CBFE9D0041F261 /* Roboto-Bold.ttf in Resources */,
				240837CC218CDC7700497B08 /* Roboto-Regular.ttf in Resources */,
				240837872189022D00497B08 /* Assets.xcassets in Resources */,
				2498D3B721CED7EA0041F261 /* Common-Currency.json in Resources */,
				240837CA218CDC7700497B08 /* Roboto-Light.ttf in Resources */,
			);
			runOnlyForDeploymentPostprocessing = 0;
		};
		2408378E2189022D00497B08 /* Resources */ = {
			isa = PBXResourcesBuildPhase;
			buildActionMask = 2147483647;
			files = (
			);
			runOnlyForDeploymentPostprocessing = 0;
		};
		240837992189022D00497B08 /* Resources */ = {
			isa = PBXResourcesBuildPhase;
			buildActionMask = 2147483647;
			files = (
			);
			runOnlyForDeploymentPostprocessing = 0;
		};
/* End PBXResourcesBuildPhase section */

/* Begin PBXShellScriptBuildPhase section */
		548B737D771B02EA1CB47629 /* [CP] Embed Pods Frameworks */ = {
			isa = PBXShellScriptBuildPhase;
			buildActionMask = 2147483647;
			files = (
			);
			inputPaths = (
				"${SRCROOT}/Pods/Target Support Files/Pods-Amber/Pods-Amber-frameworks.sh",
				"${BUILT_PRODUCTS_DIR}/Alamofire/Alamofire.framework",
				"${BUILT_PRODUCTS_DIR}/IQKeyboardManagerSwift/IQKeyboardManagerSwift.framework",
				"${BUILT_PRODUCTS_DIR}/Kingfisher/Kingfisher.framework",
				"${BUILT_PRODUCTS_DIR}/Realm/Realm.framework",
				"${BUILT_PRODUCTS_DIR}/RealmSwift/RealmSwift.framework",
				"${BUILT_PRODUCTS_DIR}/SwiftyJSON/SwiftyJSON.framework",
				"${BUILT_PRODUCTS_DIR}/SwiftyStoreKit/SwiftyStoreKit.framework",
			);
			name = "[CP] Embed Pods Frameworks";
			outputPaths = (
				"${TARGET_BUILD_DIR}/${FRAMEWORKS_FOLDER_PATH}/Alamofire.framework",
				"${TARGET_BUILD_DIR}/${FRAMEWORKS_FOLDER_PATH}/IQKeyboardManagerSwift.framework",
				"${TARGET_BUILD_DIR}/${FRAMEWORKS_FOLDER_PATH}/Kingfisher.framework",
				"${TARGET_BUILD_DIR}/${FRAMEWORKS_FOLDER_PATH}/Realm.framework",
				"${TARGET_BUILD_DIR}/${FRAMEWORKS_FOLDER_PATH}/RealmSwift.framework",
				"${TARGET_BUILD_DIR}/${FRAMEWORKS_FOLDER_PATH}/SwiftyJSON.framework",
				"${TARGET_BUILD_DIR}/${FRAMEWORKS_FOLDER_PATH}/SwiftyStoreKit.framework",
			);
			runOnlyForDeploymentPostprocessing = 0;
			shellPath = /bin/sh;
			shellScript = "\"${SRCROOT}/Pods/Target Support Files/Pods-Amber/Pods-Amber-frameworks.sh\"\n";
			showEnvVarsInLog = 0;
		};
		5D3D1B2028066B6335B660BC /* [CP] Check Pods Manifest.lock */ = {
			isa = PBXShellScriptBuildPhase;
			buildActionMask = 2147483647;
			files = (
			);
			inputPaths = (
				"${PODS_PODFILE_DIR_PATH}/Podfile.lock",
				"${PODS_ROOT}/Manifest.lock",
			);
			name = "[CP] Check Pods Manifest.lock";
			outputPaths = (
				"$(DERIVED_FILE_DIR)/Pods-AmberTests-checkManifestLockResult.txt",
			);
			runOnlyForDeploymentPostprocessing = 0;
			shellPath = /bin/sh;
			shellScript = "diff \"${PODS_PODFILE_DIR_PATH}/Podfile.lock\" \"${PODS_ROOT}/Manifest.lock\" > /dev/null\nif [ $? != 0 ] ; then\n    # print error to STDERR\n    echo \"error: The sandbox is not in sync with the Podfile.lock. Run 'pod install' or update your CocoaPods installation.\" >&2\n    exit 1\nfi\n# This output is used by Xcode 'outputs' to avoid re-running this script phase.\necho \"SUCCESS\" > \"${SCRIPT_OUTPUT_FILE_0}\"\n";
			showEnvVarsInLog = 0;
		};
		837518B71B254AC3765A007F /* [CP] Check Pods Manifest.lock */ = {
			isa = PBXShellScriptBuildPhase;
			buildActionMask = 2147483647;
			files = (
			);
			inputPaths = (
				"${PODS_PODFILE_DIR_PATH}/Podfile.lock",
				"${PODS_ROOT}/Manifest.lock",
			);
			name = "[CP] Check Pods Manifest.lock";
			outputPaths = (
				"$(DERIVED_FILE_DIR)/Pods-AmberUITests-checkManifestLockResult.txt",
			);
			runOnlyForDeploymentPostprocessing = 0;
			shellPath = /bin/sh;
			shellScript = "diff \"${PODS_PODFILE_DIR_PATH}/Podfile.lock\" \"${PODS_ROOT}/Manifest.lock\" > /dev/null\nif [ $? != 0 ] ; then\n    # print error to STDERR\n    echo \"error: The sandbox is not in sync with the Podfile.lock. Run 'pod install' or update your CocoaPods installation.\" >&2\n    exit 1\nfi\n# This output is used by Xcode 'outputs' to avoid re-running this script phase.\necho \"SUCCESS\" > \"${SCRIPT_OUTPUT_FILE_0}\"\n";
			showEnvVarsInLog = 0;
		};
		AA36ABE1B299159C7EB48FED /* [CP] Check Pods Manifest.lock */ = {
			isa = PBXShellScriptBuildPhase;
			buildActionMask = 2147483647;
			files = (
			);
			inputPaths = (
				"${PODS_PODFILE_DIR_PATH}/Podfile.lock",
				"${PODS_ROOT}/Manifest.lock",
			);
			name = "[CP] Check Pods Manifest.lock";
			outputPaths = (
				"$(DERIVED_FILE_DIR)/Pods-Amber-checkManifestLockResult.txt",
			);
			runOnlyForDeploymentPostprocessing = 0;
			shellPath = /bin/sh;
			shellScript = "diff \"${PODS_PODFILE_DIR_PATH}/Podfile.lock\" \"${PODS_ROOT}/Manifest.lock\" > /dev/null\nif [ $? != 0 ] ; then\n    # print error to STDERR\n    echo \"error: The sandbox is not in sync with the Podfile.lock. Run 'pod install' or update your CocoaPods installation.\" >&2\n    exit 1\nfi\n# This output is used by Xcode 'outputs' to avoid re-running this script phase.\necho \"SUCCESS\" > \"${SCRIPT_OUTPUT_FILE_0}\"\n";
			showEnvVarsInLog = 0;
		};
/* End PBXShellScriptBuildPhase section */

/* Begin PBXSourcesBuildPhase section */
		240837752189022A00497B08 /* Sources */ = {
			isa = PBXSourcesBuildPhase;
			buildActionMask = 2147483647;
			files = (
				2498D3AD21CE4B0A0041F261 /* ApplicationsViewController.swift in Sources */,
				24685EF221D134F500039CC8 /* PackageInformationCell.swift in Sources */,
				2498D3C721CF879B0041F261 /* ThemeSettingsViewController.swift in Sources */,
				240837DB218CE19E00497B08 /* UITableView+ReuseableView.swift in Sources */,
				240837DF218CE22000497B08 /* UIView+AutoLayout.swift in Sources */,
				2498D3AC21CE3BC20041F261 /* SortCell.swift in Sources */,
				2498D3C521CF7CEB0041F261 /* DefaultCurrencySettingsViewController.swift in Sources */,
				240837F5218F094200497B08 /* ChooseStateColorViewController.swift in Sources */,
				240837F72194402000497B08 /* EditNoteViewController.swift in Sources */,
				240837B6218902AB00497B08 /* MainController.swift in Sources */,
				240837BD218903F400497B08 /* ApplicationsCoordinator.swift in Sources */,
				240837D5218CDEB400497B08 /* BaseConfig.swift in Sources */,
				24685EEC21D11C2600039CC8 /* Packages.swift in Sources */,
				2498D3CD21D01C070041F261 /* ChooseStateColorCell.swift in Sources */,
				2498D3A821CCDF7D0041F261 /* UIView+Shadows.swift in Sources */,
				240837BB218903B800497B08 /* Coordinator.swift in Sources */,
				240837F1218DB7FC00497B08 /* SearchApplication.swift in Sources */,
				2498D39C21CC15590041F261 /* GlobalConstants.swift in Sources */,
				2498D3A421CCD82F0041F261 /* AddApplicationViewController.swift in Sources */,
				2498D3AF21CE65570041F261 /* CustomSearchBarView.swift in Sources */,
				2498D3CF21D01C340041F261 /* ChooseStateColor.swift in Sources */,
				24685EEE21D1271D00039CC8 /* NSAttributedString+String.swift in Sources */,
				240837B8218902DE00497B08 /* AppCoordinator.swift in Sources */,
				2498D3A221CC2A300041F261 /* ApplicationMainCell.swift in Sources */,
				2498D3BB21CEE1EC0041F261 /* SettingsCell.swift in Sources */,
				240837F9219447C400497B08 /* ChooseStateCell.swift in Sources */,
				24685EF021D12E0E00039CC8 /* PackageInformationViewController.swift in Sources */,
				2498D3B921CEE1CB0041F261 /* Settings.swift in Sources */,
				2498D39921CC141C0041F261 /* UIColor+CustomColors.swift in Sources */,
				240837CE218CDDD600497B08 /* UIFont+CustomFonts.swift in Sources */,
				240837F3218DBE5D00497B08 /* SearchApplicationCell.swift in Sources */,
				2498D3C321CF76540041F261 /* KeyManager.swift in Sources */,
				240837D9218CDFD500497B08 /* Application.swift in Sources */,
				2498D3B521CECCBB0041F261 /* Currency.swift in Sources */,
				2498D3AA21CD87130041F261 /* SortView.swift in Sources */,
				240837C0218905AD00497B08 /* BaseViewController.swift in Sources */,
				240837EF218DA66600497B08 /* SearchApplicationToViewController.swift in Sources */,
				24685EE821D111B200039CC8 /* PackagesViewController.swift in Sources */,
				2498D3C121CF752B0041F261 /* SortBy.swift in Sources */,
				240837DD218CE1D800497B08 /* ReusableViewProtocol.swift in Sources */,
				2498D3A621CCDB830041F261 /* AddApplicationCell.swift in Sources */,
				240837E5218CEC3200497B08 /* BoxStateView.swift in Sources */,
				2498D3CB21D016710041F261 /* StateColorSettingsViewController.swift in Sources */,
				2498D3B321CEB9230041F261 /* AddApplicationPickers.swift in Sources */,
				24685EEA21D113D800039CC8 /* PackageCell.swift in Sources */,
				2498D3BF21CF743F0041F261 /* SortBySettingsViewController.swift in Sources */,
				240837EB218D97A700497B08 /* UICollectionView+ReuseableView.swift in Sources */,
				2498D3D121D041880041F261 /* AboutUsSettingsViewController.swift in Sources */,
				240837E1218CE5AD00497B08 /* UIColor+HexValues.swift in Sources */,
				240837D0218CDE6E00497B08 /* BaseLabel.swift in Sources */,
				24FA054E21949DC2006F7DB8 /* RealmHelper.swift in Sources */,
				240837D7218CDF8C00497B08 /* SettingsViewController.swift in Sources */,
				2498D3C921D00FD80041F261 /* UIViewController+Alerts.swift in Sources */,
				2408377D2189022A00497B08 /* AppDelegate.swift in Sources */,
			);
			runOnlyForDeploymentPostprocessing = 0;
		};
		2408378C2189022D00497B08 /* Sources */ = {
			isa = PBXSourcesBuildPhase;
			buildActionMask = 2147483647;
			files = (
				240837952189022D00497B08 /* AmberTests.swift in Sources */,
			);
			runOnlyForDeploymentPostprocessing = 0;
		};
		240837972189022D00497B08 /* Sources */ = {
			isa = PBXSourcesBuildPhase;
			buildActionMask = 2147483647;
			files = (
				240837A02189022D00497B08 /* AmberUITests.swift in Sources */,
			);
			runOnlyForDeploymentPostprocessing = 0;
		};
/* End PBXSourcesBuildPhase section */

/* Begin PBXTargetDependency section */
		240837922189022D00497B08 /* PBXTargetDependency */ = {
			isa = PBXTargetDependency;
			target = 240837782189022A00497B08 /* Amber */;
			targetProxy = 240837912189022D00497B08 /* PBXContainerItemProxy */;
		};
		2408379D2189022D00497B08 /* PBXTargetDependency */ = {
			isa = PBXTargetDependency;
			target = 240837782189022A00497B08 /* Amber */;
			targetProxy = 2408379C2189022D00497B08 /* PBXContainerItemProxy */;
		};
/* End PBXTargetDependency section */

/* Begin PBXVariantGroup section */
		240837882189022D00497B08 /* LaunchScreen.storyboard */ = {
			isa = PBXVariantGroup;
			children = (
				240837892189022D00497B08 /* Base */,
			);
			name = LaunchScreen.storyboard;
			sourceTree = "<group>";
		};
/* End PBXVariantGroup section */

/* Begin XCBuildConfiguration section */
		240837A22189022D00497B08 /* Debug */ = {
			isa = XCBuildConfiguration;
			buildSettings = {
				ALWAYS_SEARCH_USER_PATHS = NO;
				CLANG_ANALYZER_NONNULL = YES;
				CLANG_ANALYZER_NUMBER_OBJECT_CONVERSION = YES_AGGRESSIVE;
				CLANG_CXX_LANGUAGE_STANDARD = "gnu++14";
				CLANG_CXX_LIBRARY = "libc++";
				CLANG_ENABLE_MODULES = YES;
				CLANG_ENABLE_OBJC_ARC = YES;
				CLANG_ENABLE_OBJC_WEAK = YES;
				CLANG_WARN_BLOCK_CAPTURE_AUTORELEASING = YES;
				CLANG_WARN_BOOL_CONVERSION = YES;
				CLANG_WARN_COMMA = YES;
				CLANG_WARN_CONSTANT_CONVERSION = YES;
				CLANG_WARN_DEPRECATED_OBJC_IMPLEMENTATIONS = YES;
				CLANG_WARN_DIRECT_OBJC_ISA_USAGE = YES_ERROR;
				CLANG_WARN_DOCUMENTATION_COMMENTS = YES;
				CLANG_WARN_EMPTY_BODY = YES;
				CLANG_WARN_ENUM_CONVERSION = YES;
				CLANG_WARN_INFINITE_RECURSION = YES;
				CLANG_WARN_INT_CONVERSION = YES;
				CLANG_WARN_NON_LITERAL_NULL_CONVERSION = YES;
				CLANG_WARN_OBJC_IMPLICIT_RETAIN_SELF = YES;
				CLANG_WARN_OBJC_LITERAL_CONVERSION = YES;
				CLANG_WARN_OBJC_ROOT_CLASS = YES_ERROR;
				CLANG_WARN_RANGE_LOOP_ANALYSIS = YES;
				CLANG_WARN_STRICT_PROTOTYPES = YES;
				CLANG_WARN_SUSPICIOUS_MOVE = YES;
				CLANG_WARN_UNGUARDED_AVAILABILITY = YES_AGGRESSIVE;
				CLANG_WARN_UNREACHABLE_CODE = YES;
				CLANG_WARN__DUPLICATE_METHOD_MATCH = YES;
				CODE_SIGN_IDENTITY = "iPhone Developer";
				COPY_PHASE_STRIP = NO;
				DEBUG_INFORMATION_FORMAT = dwarf;
				ENABLE_STRICT_OBJC_MSGSEND = YES;
				ENABLE_TESTABILITY = YES;
				GCC_C_LANGUAGE_STANDARD = gnu11;
				GCC_DYNAMIC_NO_PIC = NO;
				GCC_NO_COMMON_BLOCKS = YES;
				GCC_OPTIMIZATION_LEVEL = 0;
				GCC_PREPROCESSOR_DEFINITIONS = (
					"DEBUG=1",
					"$(inherited)",
				);
				GCC_WARN_64_TO_32_BIT_CONVERSION = YES;
				GCC_WARN_ABOUT_RETURN_TYPE = YES_ERROR;
				GCC_WARN_UNDECLARED_SELECTOR = YES;
				GCC_WARN_UNINITIALIZED_AUTOS = YES_AGGRESSIVE;
				GCC_WARN_UNUSED_FUNCTION = YES;
				GCC_WARN_UNUSED_VARIABLE = YES;
				IPHONEOS_DEPLOYMENT_TARGET = 12.0;
				MTL_ENABLE_DEBUG_INFO = INCLUDE_SOURCE;
				MTL_FAST_MATH = YES;
				ONLY_ACTIVE_ARCH = YES;
				SDKROOT = iphoneos;
				SWIFT_ACTIVE_COMPILATION_CONDITIONS = DEBUG;
				SWIFT_OPTIMIZATION_LEVEL = "-Onone";
			};
			name = Debug;
		};
		240837A32189022D00497B08 /* Release */ = {
			isa = XCBuildConfiguration;
			buildSettings = {
				ALWAYS_SEARCH_USER_PATHS = NO;
				CLANG_ANALYZER_NONNULL = YES;
				CLANG_ANALYZER_NUMBER_OBJECT_CONVERSION = YES_AGGRESSIVE;
				CLANG_CXX_LANGUAGE_STANDARD = "gnu++14";
				CLANG_CXX_LIBRARY = "libc++";
				CLANG_ENABLE_MODULES = YES;
				CLANG_ENABLE_OBJC_ARC = YES;
				CLANG_ENABLE_OBJC_WEAK = YES;
				CLANG_WARN_BLOCK_CAPTURE_AUTORELEASING = YES;
				CLANG_WARN_BOOL_CONVERSION = YES;
				CLANG_WARN_COMMA = YES;
				CLANG_WARN_CONSTANT_CONVERSION = YES;
				CLANG_WARN_DEPRECATED_OBJC_IMPLEMENTATIONS = YES;
				CLANG_WARN_DIRECT_OBJC_ISA_USAGE = YES_ERROR;
				CLANG_WARN_DOCUMENTATION_COMMENTS = YES;
				CLANG_WARN_EMPTY_BODY = YES;
				CLANG_WARN_ENUM_CONVERSION = YES;
				CLANG_WARN_INFINITE_RECURSION = YES;
				CLANG_WARN_INT_CONVERSION = YES;
				CLANG_WARN_NON_LITERAL_NULL_CONVERSION = YES;
				CLANG_WARN_OBJC_IMPLICIT_RETAIN_SELF = YES;
				CLANG_WARN_OBJC_LITERAL_CONVERSION = YES;
				CLANG_WARN_OBJC_ROOT_CLASS = YES_ERROR;
				CLANG_WARN_RANGE_LOOP_ANALYSIS = YES;
				CLANG_WARN_STRICT_PROTOTYPES = YES;
				CLANG_WARN_SUSPICIOUS_MOVE = YES;
				CLANG_WARN_UNGUARDED_AVAILABILITY = YES_AGGRESSIVE;
				CLANG_WARN_UNREACHABLE_CODE = YES;
				CLANG_WARN__DUPLICATE_METHOD_MATCH = YES;
				CODE_SIGN_IDENTITY = "iPhone Developer";
				COPY_PHASE_STRIP = NO;
				DEBUG_INFORMATION_FORMAT = "dwarf-with-dsym";
				ENABLE_NS_ASSERTIONS = NO;
				ENABLE_STRICT_OBJC_MSGSEND = YES;
				GCC_C_LANGUAGE_STANDARD = gnu11;
				GCC_NO_COMMON_BLOCKS = YES;
				GCC_WARN_64_TO_32_BIT_CONVERSION = YES;
				GCC_WARN_ABOUT_RETURN_TYPE = YES_ERROR;
				GCC_WARN_UNDECLARED_SELECTOR = YES;
				GCC_WARN_UNINITIALIZED_AUTOS = YES_AGGRESSIVE;
				GCC_WARN_UNUSED_FUNCTION = YES;
				GCC_WARN_UNUSED_VARIABLE = YES;
				IPHONEOS_DEPLOYMENT_TARGET = 12.0;
				MTL_ENABLE_DEBUG_INFO = NO;
				MTL_FAST_MATH = YES;
				SDKROOT = iphoneos;
				SWIFT_COMPILATION_MODE = wholemodule;
				SWIFT_OPTIMIZATION_LEVEL = "-O";
				VALIDATE_PRODUCT = YES;
			};
			name = Release;
		};
		240837A52189022D00497B08 /* Debug */ = {
			isa = XCBuildConfiguration;
			baseConfigurationReference = 91E69EF41A1CAB6A6753089D /* Pods-Amber.debug.xcconfig */;
			buildSettings = {
				ASSETCATALOG_COMPILER_APPICON_NAME = AppIcon;
				CODE_SIGN_STYLE = Automatic;
				DEVELOPMENT_TEAM = 26NXGYG734;
				INFOPLIST_FILE = Amber/Info.plist;
				IPHONEOS_DEPLOYMENT_TARGET = 11.0;
				LD_RUNPATH_SEARCH_PATHS = (
					"$(inherited)",
					"@executable_path/Frameworks",
				);
				PRODUCT_BUNDLE_IDENTIFIER = com.giancarlobuenaflor.Amber;
				PRODUCT_NAME = "$(TARGET_NAME)";
				SWIFT_VERSION = 4.2;
				TARGETED_DEVICE_FAMILY = "1,2";
			};
			name = Debug;
		};
		240837A62189022D00497B08 /* Release */ = {
			isa = XCBuildConfiguration;
			baseConfigurationReference = 4B01AD565677843C48FC1484 /* Pods-Amber.release.xcconfig */;
			buildSettings = {
				ASSETCATALOG_COMPILER_APPICON_NAME = AppIcon;
				CODE_SIGN_STYLE = Automatic;
				DEVELOPMENT_TEAM = 26NXGYG734;
				INFOPLIST_FILE = Amber/Info.plist;
				IPHONEOS_DEPLOYMENT_TARGET = 11.0;
				LD_RUNPATH_SEARCH_PATHS = (
					"$(inherited)",
					"@executable_path/Frameworks",
				);
				PRODUCT_BUNDLE_IDENTIFIER = com.giancarlobuenaflor.Amber;
				PRODUCT_NAME = "$(TARGET_NAME)";
				SWIFT_VERSION = 4.2;
				TARGETED_DEVICE_FAMILY = "1,2";
			};
			name = Release;
		};
		240837A82189022D00497B08 /* Debug */ = {
			isa = XCBuildConfiguration;
			baseConfigurationReference = 748765C9A41B80E7E11E3AA1 /* Pods-AmberTests.debug.xcconfig */;
			buildSettings = {
				ALWAYS_EMBED_SWIFT_STANDARD_LIBRARIES = YES;
				BUNDLE_LOADER = "$(TEST_HOST)";
				CODE_SIGN_STYLE = Automatic;
				DEVELOPMENT_TEAM = 26NXGYG734;
				INFOPLIST_FILE = AmberTests/Info.plist;
				LD_RUNPATH_SEARCH_PATHS = (
					"$(inherited)",
					"@executable_path/Frameworks",
					"@loader_path/Frameworks",
				);
				PRODUCT_BUNDLE_IDENTIFIER = com.giancarlobuenaflor.AmberTests;
				PRODUCT_NAME = "$(TARGET_NAME)";
				SWIFT_VERSION = 4.2;
				TARGETED_DEVICE_FAMILY = "1,2";
				TEST_HOST = "$(BUILT_PRODUCTS_DIR)/Amber.app/Amber";
			};
			name = Debug;
		};
		240837A92189022D00497B08 /* Release */ = {
			isa = XCBuildConfiguration;
			baseConfigurationReference = 9DBF0DD8E47E017F269AE7BF /* Pods-AmberTests.release.xcconfig */;
			buildSettings = {
				ALWAYS_EMBED_SWIFT_STANDARD_LIBRARIES = YES;
				BUNDLE_LOADER = "$(TEST_HOST)";
				CODE_SIGN_STYLE = Automatic;
				DEVELOPMENT_TEAM = 26NXGYG734;
				INFOPLIST_FILE = AmberTests/Info.plist;
				LD_RUNPATH_SEARCH_PATHS = (
					"$(inherited)",
					"@executable_path/Frameworks",
					"@loader_path/Frameworks",
				);
				PRODUCT_BUNDLE_IDENTIFIER = com.giancarlobuenaflor.AmberTests;
				PRODUCT_NAME = "$(TARGET_NAME)";
				SWIFT_VERSION = 4.2;
				TARGETED_DEVICE_FAMILY = "1,2";
				TEST_HOST = "$(BUILT_PRODUCTS_DIR)/Amber.app/Amber";
			};
			name = Release;
		};
		240837AB2189022D00497B08 /* Debug */ = {
			isa = XCBuildConfiguration;
			baseConfigurationReference = E9E67367B315262CD437F9FC /* Pods-AmberUITests.debug.xcconfig */;
			buildSettings = {
				ALWAYS_EMBED_SWIFT_STANDARD_LIBRARIES = YES;
				CODE_SIGN_STYLE = Automatic;
				DEVELOPMENT_TEAM = 26NXGYG734;
				INFOPLIST_FILE = AmberUITests/Info.plist;
				LD_RUNPATH_SEARCH_PATHS = (
					"$(inherited)",
					"@executable_path/Frameworks",
					"@loader_path/Frameworks",
				);
				PRODUCT_BUNDLE_IDENTIFIER = com.giancarlobuenaflor.AmberUITests;
				PRODUCT_NAME = "$(TARGET_NAME)";
				SWIFT_VERSION = 4.2;
				TARGETED_DEVICE_FAMILY = "1,2";
				TEST_TARGET_NAME = Amber;
			};
			name = Debug;
		};
		240837AC2189022D00497B08 /* Release */ = {
			isa = XCBuildConfiguration;
			baseConfigurationReference = 6C29C86EDB63125CEBAA6422 /* Pods-AmberUITests.release.xcconfig */;
			buildSettings = {
				ALWAYS_EMBED_SWIFT_STANDARD_LIBRARIES = YES;
				CODE_SIGN_STYLE = Automatic;
				DEVELOPMENT_TEAM = 26NXGYG734;
				INFOPLIST_FILE = AmberUITests/Info.plist;
				LD_RUNPATH_SEARCH_PATHS = (
					"$(inherited)",
					"@executable_path/Frameworks",
					"@loader_path/Frameworks",
				);
				PRODUCT_BUNDLE_IDENTIFIER = com.giancarlobuenaflor.AmberUITests;
				PRODUCT_NAME = "$(TARGET_NAME)";
				SWIFT_VERSION = 4.2;
				TARGETED_DEVICE_FAMILY = "1,2";
				TEST_TARGET_NAME = Amber;
			};
			name = Release;
		};
/* End XCBuildConfiguration section */

/* Begin XCConfigurationList section */
		240837742189022A00497B08 /* Build configuration list for PBXProject "Amber" */ = {
			isa = XCConfigurationList;
			buildConfigurations = (
				240837A22189022D00497B08 /* Debug */,
				240837A32189022D00497B08 /* Release */,
			);
			defaultConfigurationIsVisible = 0;
			defaultConfigurationName = Release;
		};
		240837A42189022D00497B08 /* Build configuration list for PBXNativeTarget "Amber" */ = {
			isa = XCConfigurationList;
			buildConfigurations = (
				240837A52189022D00497B08 /* Debug */,
				240837A62189022D00497B08 /* Release */,
			);
			defaultConfigurationIsVisible = 0;
			defaultConfigurationName = Release;
		};
		240837A72189022D00497B08 /* Build configuration list for PBXNativeTarget "AmberTests" */ = {
			isa = XCConfigurationList;
			buildConfigurations = (
				240837A82189022D00497B08 /* Debug */,
				240837A92189022D00497B08 /* Release */,
			);
			defaultConfigurationIsVisible = 0;
			defaultConfigurationName = Release;
		};
		240837AA2189022D00497B08 /* Build configuration list for PBXNativeTarget "AmberUITests" */ = {
			isa = XCConfigurationList;
			buildConfigurations = (
				240837AB2189022D00497B08 /* Debug */,
				240837AC2189022D00497B08 /* Release */,
			);
			defaultConfigurationIsVisible = 0;
			defaultConfigurationName = Release;
		};
/* End XCConfigurationList section */
	};
	rootObject = 240837712189022A00497B08 /* Project object */;
}
